
Microsoft Visual Studio Solution File, Format Version 12.00
# Visual Studio Version 16
VisualStudioVersion = 25.0.1705.6
MinimumVisualStudioVersion = 10.0.40219.1
Project("{FAE04EC0-301F-11D3-BF4B-00C04F79EFBC}") = "M1", "M1.csproj", "{FCB9ECDB-22D6-4318-A86E-FC7752B5167B}"
EndProject
Global
	GlobalSection(SolutionConfigurationPlatforms) = preSolution
		Debug|Any CPU = Debug|Any CPU
		Release|Any CPU = Release|Any CPU
	EndGlobalSection
	GlobalSection(ProjectConfigurationPlatforms) = postSolution
		{FCB9ECDB-22D6-4318-A86E-FC7752B5167B}.Debug|Any CPU.ActiveCfg = Debug|Any CPU
		{FCB9ECDB-22D6-4318-A86E-FC7752B5167B}.Debug|Any CPU.Build.0 = Debug|Any CPU
		{FCB9ECDB-22D6-4318-A86E-FC7752B5167B}.Release|Any CPU.ActiveCfg = Release|Any CPU
		{FCB9ECDB-22D6-4318-A86E-FC7752B5167B}.Release|Any CPU.Build.0 = Release|Any CPU
	EndGlobalSection
	GlobalSection(SolutionProperties) = preSolution
		HideSolutionNode = FALSE
	EndGlobalSection
	GlobalSection(ExtensibilityGlobals) = postSolution
		SolutionGuid = {40D53225-C7AA-4190-942B-098CA9241AD1}
	EndGlobalSection
EndGlobal
