
Microsoft Visual Studio Solution File, Format Version 12.00
# Visual Studio Version 16
VisualStudioVersion = 25.0.1705.6
MinimumVisualStudioVersion = 10.0.40219.1
Project("{FAE04EC0-301F-11D3-BF4B-00C04F79EFBC}") = "M2", "M2.csproj", "{5121E815-F8BE-4D79-AF97-602C1DACC94D}"
EndProject
Global
	GlobalSection(SolutionConfigurationPlatforms) = preSolution
		Debug|Any CPU = Debug|Any CPU
		Release|Any CPU = Release|Any CPU
	EndGlobalSection
	GlobalSection(ProjectConfigurationPlatforms) = postSolution
		{5121E815-F8BE-4D79-AF97-602C1DACC94D}.Debug|Any CPU.ActiveCfg = Debug|Any CPU
		{5121E815-F8BE-4D79-AF97-602C1DACC94D}.Debug|Any CPU.Build.0 = Debug|Any CPU
		{5121E815-F8BE-4D79-AF97-602C1DACC94D}.Release|Any CPU.ActiveCfg = Release|Any CPU
		{5121E815-F8BE-4D79-AF97-602C1DACC94D}.Release|Any CPU.Build.0 = Release|Any CPU
	EndGlobalSection
	GlobalSection(SolutionProperties) = preSolution
		HideSolutionNode = FALSE
	EndGlobalSection
	GlobalSection(ExtensibilityGlobals) = postSolution
		SolutionGuid = {4D898DD3-0449-43EB-8055-48558F76548E}
	EndGlobalSection
EndGlobal
